<?xml version="1.0" encoding="UTF-8"?>
<Scheme
   LastUpgradeVersion = "0450"
   version = "1.7">
   <BuildAction
      parallelizeBuildables = "YES"
      buildImplicitDependencies = "YES">
      <BuildActionEntries>
         <BuildActionEntry
            buildForTesting = "YES"
            buildForRunning = "YES"
            buildForProfiling = "YES"
            buildForArchiving = "YES"
            buildForAnalyzing = "YES">
            <BuildableReference
               BuildableIdentifier = "primary"
               BlueprintIdentifier = "6986899516972D7F008E3B6C"
               BuildableName = "&#36890;&#36890;&#22242;.app"
               BlueprintName = "GroupPurchase"
               ReferencedContainer = "container:GroupPurchase.xcodeproj">
            </BuildableReference>
         </BuildActionEntry>
      </BuildActionEntries>
   </BuildAction>
   <TestAction
      selectedDebuggerIdentifier = "Xcode.DebuggerFoundation.Debugger.LLDB"
      selectedLauncherIdentifier = "Xcode.DebuggerFoundation.Launcher.LLDB"
      shouldUseLaunchSchemeArgsEnv = "YES"
      buildConfiguration = "Debug">
      <Testables>
         <TestableReference
            skipped = "NO">
            <BuildableReference
               BuildableIdentifier = "primary"
               BlueprintIdentifier = "698689BB16972D80008E3B6C"
               BuildableName = "GroupPurchaseTests.octest"
               BlueprintName = "GroupPurchaseTests"
               ReferencedContainer = "container:GroupPurchase.xcodeproj">
            </BuildableReference>
         </TestableReference>
      </Testables>
      <MacroExpansion>
         <BuildableReference
            BuildableIdentifier = "primary"
            BlueprintIdentifier = "6986899516972D7F008E3B6C"
            BuildableName = "&#36890;&#36890;&#22242;.app"
            BlueprintName = "GroupPurchase"
            ReferencedContainer = "container:GroupPurchase.xcodeproj">
         </BuildableReference>
      </MacroExpansion>
   </TestAction>
   <LaunchAction
      selectedDebuggerIdentifier = "Xcode.DebuggerFoundation.Debugger.LLDB"
      selectedLauncherIdentifier = "Xcode.DebuggerFoundation.Launcher.LLDB"
      launchStyle = "0"
      useCustomWorkingDirectory = "NO"
      buildConfiguration = "Debug"
      ignoresPersistentStateOnLaunch = "NO"
      debugDocumentVersioning = "YES"
      allowLocationSimulation = "YES">
      <BuildableProductRunnable>
         <BuildableReference
            BuildableIdentifier = "primary"
            BlueprintIdentifier = "6986899516972D7F008E3B6C"
            BuildableName = "&#36890;&#36890;&#22242;.app"
            BlueprintName = "GroupPurchase"
            ReferencedContainer = "container:GroupPurchase.xcodeproj">
         </BuildableReference>
      </BuildableProductRunnable>
      <AdditionalOptions>
         <AdditionalOption
            key = "NSZombieEnabled"
            value = "YES"
            isEnabled = "YES">
         </AdditionalOption>
      </AdditionalOptions>
      <LocationScenarioReference
         identifier = "../../Location.gpx"
         referenceType = "0">
      </LocationScenarioReference>
   </LaunchAction>
   <ProfileAction
      shouldUseLaunchSchemeArgsEnv = "YES"
      savedToolIdentifier = ""
      useCustomWorkingDirectory = "NO"
      buildConfiguration = "Release"
      debugDocumentVersioning = "YES">
      <BuildableProductRunnable>
         <BuildableReference
            BuildableIdentifier = "primary"
            BlueprintIdentifier = "6986899516972D7F008E3B6C"
            BuildableName = "&#36890;&#36890;&#22242;.app"
            BlueprintName = "GroupPurchase"
            ReferencedContainer = "container:GroupPurchase.xcodeproj">
         </BuildableReference>
      </BuildableProductRunnable>
   </ProfileAction>
   <AnalyzeAction
      buildConfiguration = "Debug">
   </AnalyzeAction>
   <ArchiveAction
      buildConfiguration = "Release"
      customArchiveName = "118114&#22242;"
      revealArchiveInOrganizer = "YES">
   </ArchiveAction>
</Scheme>
